// !$*UTF8*$!
{
	archiveVersion = 1;
	classes = {
	};
	objectVersion = 50;
	objects = {

/* Begin PBXBuildFile section */
		7400D5492693480E005B4031 /* ModelStruct.swift in Sources */ = {isa = PBXBuildFile; fileRef = 7400D5482693480E005B4031 /* ModelStruct.swift */; };
		7400D54C26935BAF005B4031 /* ListDraggable.swift in Sources */ = {isa = PBXBuildFile; fileRef = 7400D54B26935BAF005B4031 /* ListDraggable.swift */; };
		7474E403268A1AFE0001ACEA /* Swift101App.swift in Sources */ = {isa = PBXBuildFile; fileRef = 7474E402268A1AFE0001ACEA /* Swift101App.swift */; };
		7474E405268A1AFE0001ACEA /* IfGuardLetOnApper.swift in Sources */ = {isa = PBXBuildFile; fileRef = 7474E404268A1AFE0001ACEA /* IfGuardLetOnApper.swift */; };
		7474E407268A1B010001ACEA /* Assets.xcassets in Resources */ = {isa = PBXBuildFile; fileRef = 7474E406268A1B010001ACEA /* Assets.xcassets */; };
		7474E40A268A1B010001ACEA /* Preview Assets.xcassets in Resources */ = {isa = PBXBuildFile; fileRef = 7474E409268A1B010001ACEA /* Preview Assets.xcassets */; };
		7474E414268A23810001ACEA /* OnAppearOnDisappear.swift in Sources */ = {isa = PBXBuildFile; fileRef = 7474E413268A23810001ACEA /* OnAppearOnDisappear.swift */; };
		747AB2DC268E0F4E00A0A482 /* InitEnum.swift in Sources */ = {isa = PBXBuildFile; fileRef = 747AB2DB268E0F4E00A0A482 /* InitEnum.swift */; };
		74848DF02690D0DB00764BCA /* onTapGesture.swift in Sources */ = {isa = PBXBuildFile; fileRef = 74848DEF2690D0DB00764BCA /* onTapGesture.swift */; };
		74848DF32690D73500764BCA /* ListEditMode.swift in Sources */ = {isa = PBXBuildFile; fileRef = 74848DF22690D73500764BCA /* ListEditMode.swift */; };
		74C9C46B2695F5B300102BF0 /* StateKeyword.swift in Sources */ = {isa = PBXBuildFile; fileRef = 74C9C46A2695F5B300102BF0 /* StateKeyword.swift */; };
		74D8E9F22697488F0097C3F1 /* Frame.swift in Sources */ = {isa = PBXBuildFile; fileRef = 74D8E9F12697488F0097C3F1 /* Frame.swift */; };
/* End PBXBuildFile section */

/* Begin PBXFileReference section */
		7400D5482693480E005B4031 /* ModelStruct.swift */ = {isa = PBXFileReference; lastKnownFileType = sourcecode.swift; path = ModelStruct.swift; sourceTree = "<group>"; };
		7400D54B26935BAF005B4031 /* ListDraggable.swift */ = {isa = PBXFileReference; lastKnownFileType = sourcecode.swift; path = ListDraggable.swift; sourceTree = "<group>"; };
		7474E3FF268A1AFE0001ACEA /* Swift101.app */ = {isa = PBXFileReference; explicitFileType = wrapper.application; includeInIndex = 0; path = Swift101.app; sourceTree = BUILT_PRODUCTS_DIR; };
		7474E402268A1AFE0001ACEA /* Swift101App.swift */ = {isa = PBXFileReference; lastKnownFileType = sourcecode.swift; path = Swift101App.swift; sourceTree = "<group>"; };
		7474E404268A1AFE0001ACEA /* IfGuardLetOnApper.swift */ = {isa = PBXFileReference; lastKnownFileType = sourcecode.swift; path = IfGuardLetOnApper.swift; sourceTree = "<group>"; };
		7474E406268A1B010001ACEA /* Assets.xcassets */ = {isa = PBXFileReference; lastKnownFileType = folder.assetcatalog; path = Assets.xcassets; sourceTree = "<group>"; };
		7474E409268A1B010001ACEA /* Preview Assets.xcassets */ = {isa = PBXFileReference; lastKnownFileType = folder.assetcatalog; path = "Preview Assets.xcassets"; sourceTree = "<group>"; };
		7474E40B268A1B010001ACEA /* Info.plist */ = {isa = PBXFileReference; lastKnownFileType = text.plist.xml; path = Info.plist; sourceTree = "<group>"; };
		7474E413268A23810001ACEA /* OnAppearOnDisappear.swift */ = {isa = PBXFileReference; lastKnownFileType = sourcecode.swift; path = OnAppearOnDisappear.swift; sourceTree = "<group>"; };
		747AB2DB268E0F4E00A0A482 /* InitEnum.swift */ = {isa = PBXFileReference; lastKnownFileType = sourcecode.swift; path = InitEnum.swift; sourceTree = "<group>"; };
		74848DEF2690D0DB00764BCA /* onTapGesture.swift */ = {isa = PBXFileReference; lastKnownFileType = sourcecode.swift; path = onTapGesture.swift; sourceTree = "<group>"; };
		74848DF22690D73500764BCA /* ListEditMode.swift */ = {isa = PBXFileReference; lastKnownFileType = sourcecode.swift; path = ListEditMode.swift; sourceTree = "<group>"; };
		74C9C46A2695F5B300102BF0 /* StateKeyword.swift */ = {isa = PBXFileReference; lastKnownFileType = sourcecode.swift; path = StateKeyword.swift; sourceTree = "<group>"; };
		74D8E9F12697488F0097C3F1 /* Frame.swift */ = {isa = PBXFileReference; lastKnownFileType = sourcecode.swift; path = Frame.swift; sourceTree = "<group>"; };
/* End PBXFileReference section */

/* Begin PBXFrameworksBuildPhase section */
		7474E3FC268A1AFE0001ACEA /* Frameworks */ = {
			isa = PBXFrameworksBuildPhase;
			buildActionMask = 2147483647;
			files = (
			);
			runOnlyForDeploymentPostprocessing = 0;
		};
/* End PBXFrameworksBuildPhase section */

/* Begin PBXGroup section */
		7474E3F6268A1AFE0001ACEA = {
			isa = PBXGroup;
			children = (
				74D8E9F12697488F0097C3F1 /* Frame.swift */,
				7474E401268A1AFE0001ACEA /* Swift101 */,
				7474E400268A1AFE0001ACEA /* Products */,
			);
			sourceTree = "<group>";
		};
		7474E400268A1AFE0001ACEA /* Products */ = {
			isa = PBXGroup;
			children = (
				7474E3FF268A1AFE0001ACEA /* Swift101.app */,
			);
			name = Products;
			sourceTree = "<group>";
		};
		7474E401268A1AFE0001ACEA /* Swift101 */ = {
			isa = PBXGroup;
			children = (
				7474E402268A1AFE0001ACEA /* Swift101App.swift */,
				7474E404268A1AFE0001ACEA /* IfGuardLetOnApper.swift */,
				7474E413268A23810001ACEA /* OnAppearOnDisappear.swift */,
				747AB2DB268E0F4E00A0A482 /* InitEnum.swift */,
				74848DEF2690D0DB00764BCA /* onTapGesture.swift */,
				74848DF22690D73500764BCA /* ListEditMode.swift */,
				7400D5482693480E005B4031 /* ModelStruct.swift */,
				7400D54B26935BAF005B4031 /* ListDraggable.swift */,
				74C9C46A2695F5B300102BF0 /* StateKeyword.swift */,
				7474E406268A1B010001ACEA /* Assets.xcassets */,
				7474E40B268A1B010001ACEA /* Info.plist */,
				7474E408268A1B010001ACEA /* Preview Content */,
			);
			path = Swift101;
			sourceTree = "<group>";
		};
		7474E408268A1B010001ACEA /* Preview Content */ = {
			isa = PBXGroup;
			children = (
				7474E409268A1B010001ACEA /* Preview Assets.xcassets */,
			);
			path = "Preview Content";
			sourceTree = "<group>";
		};
/* End PBXGroup section */

/* Begin PBXNativeTarget section */
		7474E3FE268A1AFE0001ACEA /* Swift101 */ = {
			isa = PBXNativeTarget;
			buildConfigurationList = 7474E40E268A1B010001ACEA /* Build configuration list for PBXNativeTarget "Swift101" */;
			buildPhases = (
				7474E3FB268A1AFE0001ACEA /* Sources */,
				7474E3FC268A1AFE0001ACEA /* Frameworks */,
				7474E3FD268A1AFE0001ACEA /* Resources */,
			);
			buildRules = (
			);
			dependencies = (
			);
			name = Swift101;
			productName = Swift101;
			productReference = 7474E3FF268A1AFE0001ACEA /* Swift101.app */;
			productType = "com.apple.product-type.application";
		};
/* End PBXNativeTarget section */

/* Begin PBXProject section */
		7474E3F7268A1AFE0001ACEA /* Project object */ = {
			isa = PBXProject;
			attributes = {
				LastSwiftUpdateCheck = 1240;
				LastUpgradeCheck = 1240;
				TargetAttributes = {
					7474E3FE268A1AFE0001ACEA = {
						CreatedOnToolsVersion = 12.4;
					};
				};
			};
			buildConfigurationList = 7474E3FA268A1AFE0001ACEA /* Build configuration list for PBXProject "Swift101" */;
			compatibilityVersion = "Xcode 9.3";
			developmentRegion = en;
			hasScannedForEncodings = 0;
			knownRegions = (
				en,
				Base,
			);
			mainGroup = 7474E3F6268A1AFE0001ACEA;
			productRefGroup = 7474E400268A1AFE0001ACEA /* Products */;
			projectDirPath = "";
			projectRoot = "";
			targets = (
				7474E3FE268A1AFE0001ACEA /* Swift101 */,
			);
		};
/* End PBXProject section */

/* Begin PBXResourcesBuildPhase section */
		7474E3FD268A1AFE0001ACEA /* Resources */ = {
			isa = PBXResourcesBuildPhase;
			buildActionMask = 2147483647;
			files = (
				7474E40A268A1B010001ACEA /* Preview Assets.xcassets in Resources */,
				7474E407268A1B010001ACEA /* Assets.xcassets in Resources */,
			);
			runOnlyForDeploymentPostprocessing = 0;
		};
/* End PBXResourcesBuildPhase section */

/* Begin PBXSourcesBuildPhase section */
		7474E3FB268A1AFE0001ACEA /* Sources */ = {
			isa = PBXSourcesBuildPhase;
			buildActionMask = 2147483647;
			files = (
				74848DF32690D73500764BCA /* ListEditMode.swift in Sources */,
				7474E405268A1AFE0001ACEA /* IfGuardLetOnApper.swift in Sources */,
				7474E414268A23810001ACEA /* OnAppearOnDisappear.swift in Sources */,
				7400D54C26935BAF005B4031 /* ListDraggable.swift in Sources */,
				74848DF02690D0DB00764BCA /* onTapGesture.swift in Sources */,
				74C9C46B2695F5B300102BF0 /* StateKeyword.swift in Sources */,
				747AB2DC268E0F4E00A0A482 /* InitEnum.swift in Sources */,
				7474E403268A1AFE0001ACEA /* Swift101App.swift in Sources */,
				7400D5492693480E005B4031 /* ModelStruct.swift in Sources */,
				74D8E9F22697488F0097C3F1 /* Frame.swift in Sources */,
			);
			runOnlyForDeploymentPostprocessing = 0;
		};
/* End PBXSourcesBuildPhase section */

/* Begin XCBuildConfiguration section */
		7474E40C268A1B010001ACEA /* Debug */ = {
			isa = XCBuildConfiguration;
			buildSettings = {
				ALWAYS_SEARCH_USER_PATHS = NO;
				CLANG_ANALYZER_NONNULL = YES;
				CLANG_ANALYZER_NUMBER_OBJECT_CONVERSION = YES_AGGRESSIVE;
				CLANG_CXX_LANGUAGE_STANDARD = "gnu++14";
				CLANG_CXX_LIBRARY = "libc++";
				CLANG_ENABLE_MODULES = YES;
				CLANG_ENABLE_OBJC_ARC = YES;
				CLANG_ENABLE_OBJC_WEAK = YES;
				CLANG_WARN_BLOCK_CAPTURE_AUTORELEASING = YES;
				CLANG_WARN_BOOL_CONVERSION = YES;
				CLANG_WARN_COMMA = YES;
				CLANG_WARN_CONSTANT_CONVERSION = YES;
				CLANG_WARN_DEPRECATED_OBJC_IMPLEMENTATIONS = YES;
				CLANG_WARN_DIRECT_OBJC_ISA_USAGE = YES_ERROR;
				CLANG_WARN_DOCUMENTATION_COMMENTS = YES;
				CLANG_WARN_EMPTY_BODY = YES;
				CLANG_WARN_ENUM_CONVERSION = YES;
				CLANG_WARN_INFINITE_RECURSION = YES;
				CLANG_WARN_INT_CONVERSION = YES;
				CLANG_WARN_NON_LITERAL_NULL_CONVERSION = YES;
				CLANG_WARN_OBJC_IMPLICIT_RETAIN_SELF = YES;
				CLANG_WARN_OBJC_LITERAL_CONVERSION = YES;
				CLANG_WARN_OBJC_ROOT_CLASS = YES_ERROR;
				CLANG_WARN_QUOTED_INCLUDE_IN_FRAMEWORK_HEADER = YES;
				CLANG_WARN_RANGE_LOOP_ANALYSIS = YES;
				CLANG_WARN_STRICT_PROTOTYPES = YES;
				CLANG_WARN_SUSPICIOUS_MOVE = YES;
				CLANG_WARN_UNGUARDED_AVAILABILITY = YES_AGGRESSIVE;
				CLANG_WARN_UNREACHABLE_CODE = YES;
				CLANG_WARN__DUPLICATE_METHOD_MATCH = YES;
				COPY_PHASE_STRIP = NO;
				DEBUG_INFORMATION_FORMAT = dwarf;
				ENABLE_STRICT_OBJC_MSGSEND = YES;
				ENABLE_TESTABILITY = YES;
				GCC_C_LANGUAGE_STANDARD = gnu11;
				GCC_DYNAMIC_NO_PIC = NO;
				GCC_NO_COMMON_BLOCKS = YES;
				GCC_OPTIMIZATION_LEVEL = 0;
				GCC_PREPROCESSOR_DEFINITIONS = (
					"DEBUG=1",
					"$(inherited)",
				);
				GCC_WARN_64_TO_32_BIT_CONVERSION = YES;
				GCC_WARN_ABOUT_RETURN_TYPE = YES_ERROR;
				GCC_WARN_UNDECLARED_SELECTOR = YES;
				GCC_WARN_UNINITIALIZED_AUTOS = YES_AGGRESSIVE;
				GCC_WARN_UNUSED_FUNCTION = YES;
				GCC_WARN_UNUSED_VARIABLE = YES;
				IPHONEOS_DEPLOYMENT_TARGET = 14.4;
				MTL_ENABLE_DEBUG_INFO = INCLUDE_SOURCE;
				MTL_FAST_MATH = YES;
				ONLY_ACTIVE_ARCH = YES;
				SDKROOT = iphoneos;
				SWIFT_ACTIVE_COMPILATION_CONDITIONS = DEBUG;
				SWIFT_OPTIMIZATION_LEVEL = "-Onone";
			};
			name = Debug;
		};
		7474E40D268A1B010001ACEA /* Release */ = {
			isa = XCBuildConfiguration;
			buildSettings = {
				ALWAYS_SEARCH_USER_PATHS = NO;
				CLANG_ANALYZER_NONNULL = YES;
				CLANG_ANALYZER_NUMBER_OBJECT_CONVERSION = YES_AGGRESSIVE;
				CLANG_CXX_LANGUAGE_STANDARD = "gnu++14";
				CLANG_CXX_LIBRARY = "libc++";
				CLANG_ENABLE_MODULES = YES;
				CLANG_ENABLE_OBJC_ARC = YES;
				CLANG_ENABLE_OBJC_WEAK = YES;
				CLANG_WARN_BLOCK_CAPTURE_AUTORELEASING = YES;
				CLANG_WARN_BOOL_CONVERSION = YES;
				CLANG_WARN_COMMA = YES;
				CLANG_WARN_CONSTANT_CONVERSION = YES;
				CLANG_WARN_DEPRECATED_OBJC_IMPLEMENTATIONS = YES;
				CLANG_WARN_DIRECT_OBJC_ISA_USAGE = YES_ERROR;
				CLANG_WARN_DOCUMENTATION_COMMENTS = YES;
				CLANG_WARN_EMPTY_BODY = YES;
				CLANG_WARN_ENUM_CONVERSION = YES;
				CLANG_WARN_INFINITE_RECURSION = YES;
				CLANG_WARN_INT_CONVERSION = YES;
				CLANG_WARN_NON_LITERAL_NULL_CONVERSION = YES;
				CLANG_WARN_OBJC_IMPLICIT_RETAIN_SELF = YES;
				CLANG_WARN_OBJC_LITERAL_CONVERSION = YES;
				CLANG_WARN_OBJC_ROOT_CLASS = YES_ERROR;
				CLANG_WARN_QUOTED_INCLUDE_IN_FRAMEWORK_HEADER = YES;
				CLANG_WARN_RANGE_LOOP_ANALYSIS = YES;
				CLANG_WARN_STRICT_PROTOTYPES = YES;
				CLANG_WARN_SUSPICIOUS_MOVE = YES;
				CLANG_WARN_UNGUARDED_AVAILABILITY = YES_AGGRESSIVE;
				CLANG_WARN_UNREACHABLE_CODE = YES;
				CLANG_WARN__DUPLICATE_METHOD_MATCH = YES;
				COPY_PHASE_STRIP = NO;
				DEBUG_INFORMATION_FORMAT = "dwarf-with-dsym";
				ENABLE_NS_ASSERTIONS = NO;
				ENABLE_STRICT_OBJC_MSGSEND = YES;
				GCC_C_LANGUAGE_STANDARD = gnu11;
				GCC_NO_COMMON_BLOCKS = YES;
				GCC_WARN_64_TO_32_BIT_CONVERSION = YES;
				GCC_WARN_ABOUT_RETURN_TYPE = YES_ERROR;
				GCC_WARN_UNDECLARED_SELECTOR = YES;
				GCC_WARN_UNINITIALIZED_AUTOS = YES_AGGRESSIVE;
				GCC_WARN_UNUSED_FUNCTION = YES;
				GCC_WARN_UNUSED_VARIABLE = YES;
				IPHONEOS_DEPLOYMENT_TARGET = 14.4;
				MTL_ENABLE_DEBUG_INFO = NO;
				MTL_FAST_MATH = YES;
				SDKROOT = iphoneos;
				SWIFT_COMPILATION_MODE = wholemodule;
				SWIFT_OPTIMIZATION_LEVEL = "-O";
				VALIDATE_PRODUCT = YES;
			};
			name = Release;
		};
		7474E40F268A1B010001ACEA /* Debug */ = {
			isa = XCBuildConfiguration;
			buildSettings = {
				ASSETCATALOG_COMPILER_APPICON_NAME = AppIcon;
				ASSETCATALOG_COMPILER_GLOBAL_ACCENT_COLOR_NAME = AccentColor;
				CODE_SIGN_STYLE = Automatic;
				DEVELOPMENT_ASSET_PATHS = "\"Swift101/Preview Content\"";
				DEVELOPMENT_TEAM = YN3JSHXR3K;
				ENABLE_PREVIEWS = YES;
				INFOPLIST_FILE = Swift101/Info.plist;
				IPHONEOS_DEPLOYMENT_TARGET = 14.0;
				LD_RUNPATH_SEARCH_PATHS = (
					"$(inherited)",
					"@executable_path/Frameworks",
				);
				PRODUCT_BUNDLE_IDENTIFIER = christina.Swift101;
				PRODUCT_NAME = "$(TARGET_NAME)";
				SWIFT_VERSION = 5.0;
				TARGETED_DEVICE_FAMILY = "1,2";
			};
			name = Debug;
		};
		7474E410268A1B010001ACEA /* Release */ = {
			isa = XCBuildConfiguration;
			buildSettings = {
				ASSETCATALOG_COMPILER_APPICON_NAME = AppIcon;
				ASSETCATALOG_COMPILER_GLOBAL_ACCENT_COLOR_NAME = AccentColor;
				CODE_SIGN_STYLE = Automatic;
				DEVELOPMENT_ASSET_PATHS = "\"Swift101/Preview Content\"";
				DEVELOPMENT_TEAM = YN3JSHXR3K;
				ENABLE_PREVIEWS = YES;
				INFOPLIST_FILE = Swift101/Info.plist;
				IPHONEOS_DEPLOYMENT_TARGET = 14.0;
				LD_RUNPATH_SEARCH_PATHS = (
					"$(inherited)",
					"@executable_path/Frameworks",
				);
				PRODUCT_BUNDLE_IDENTIFIER = christina.Swift101;
				PRODUCT_NAME = "$(TARGET_NAME)";
				SWIFT_VERSION = 5.0;
				TARGETED_DEVICE_FAMILY = "1,2";
			};
			name = Release;
		};
/* End XCBuildConfiguration section */

/* Begin XCConfigurationList section */
		7474E3FA268A1AFE0001ACEA /* Build configuration list for PBXProject "Swift101" */ = {
			isa = XCConfigurationList;
			buildConfigurations = (
				7474E40C268A1B010001ACEA /* Debug */,
				7474E40D268A1B010001ACEA /* Release */,
			);
			defaultConfigurationIsVisible = 0;
			defaultConfigurationName = Release;
		};
		7474E40E268A1B010001ACEA /* Build configuration list for PBXNativeTarget "Swift101" */ = {
			isa = XCConfigurationList;
			buildConfigurations = (
				7474E40F268A1B010001ACEA /* Debug */,
				7474E410268A1B010001ACEA /* Release */,
			);
			defaultConfigurationIsVisible = 0;
			defaultConfigurationName = Release;
		};
/* End XCConfigurationList section */
	};
	rootObject = 7474E3F7268A1AFE0001ACEA /* Project object */;
}
